
Microsoft Visual Studio Solution File, Format Version 12.00
# Visual Studio Express 2012 for Web
Project("{FAE04EC0-301F-11D3-BF4B-00C04F79EFBC}") = "TemperaturePortal", "TemperaturePortal\TemperaturePortal.csproj", "{FE08E1BB-1634-47D2-B2BF-F66756277A67}"
EndProject
Global
	GlobalSection(SolutionConfigurationPlatforms) = preSolution
		Debug|Any CPU = Debug|Any CPU
		Release|Any CPU = Release|Any CPU
	EndGlobalSection
	GlobalSection(ProjectConfigurationPlatforms) = postSolution
		{FE08E1BB-1634-47D2-B2BF-F66756277A67}.Debug|Any CPU.ActiveCfg = Release|Any CPU
		{FE08E1BB-1634-47D2-B2BF-F66756277A67}.Debug|Any CPU.Build.0 = Release|Any CPU
		{FE08E1BB-1634-47D2-B2BF-F66756277A67}.Release|Any CPU.ActiveCfg = Debug|Any CPU
		{FE08E1BB-1634-47D2-B2BF-F66756277A67}.Release|Any CPU.Build.0 = Debug|Any CPU
	EndGlobalSection
	GlobalSection(SolutionProperties) = preSolution
		HideSolutionNode = FALSE
	EndGlobalSection
EndGlobal
